
Microsoft Visual Studio Solution File, Format Version 12.00
# Visual Studio 15
VisualStudioVersion = 15.0.27130.2020
MinimumVisualStudioVersion = 10.0.40219.1
Project("{FAE04EC0-301F-11D3-BF4B-00C04F79EFBC}") = "FolderSorter", "FolderSorter\FolderSorter.csproj", "{95EDEBF6-3BED-4593-8AC0-202A908E152A}"
EndProject
Global
	GlobalSection(SolutionConfigurationPlatforms) = preSolution
		Debug|Any CPU = Debug|Any CPU
		Release|Any CPU = Release|Any CPU
	EndGlobalSection
	GlobalSection(ProjectConfigurationPlatforms) = postSolution
		{95EDEBF6-3BED-4593-8AC0-202A908E152A}.Debug|Any CPU.ActiveCfg = Debug|Any CPU
		{95EDEBF6-3BED-4593-8AC0-202A908E152A}.Debug|Any CPU.Build.0 = Debug|Any CPU
		{95EDEBF6-3BED-4593-8AC0-202A908E152A}.Release|Any CPU.ActiveCfg = Release|Any CPU
		{95EDEBF6-3BED-4593-8AC0-202A908E152A}.Release|Any CPU.Build.0 = Release|Any CPU
	EndGlobalSection
	GlobalSection(SolutionProperties) = preSolution
		HideSolutionNode = FALSE
	EndGlobalSection
	GlobalSection(ExtensibilityGlobals) = postSolution
		SolutionGuid = {B5E0C5AC-375F-4AF1-BD59-759F1D87AE66}
	EndGlobalSection
EndGlobal
